github.com/dusted-go/diagnostic/v3 v3.1.0 h1:ZGG26XHXzMco3s00ZxnjMq2Lpy8e5cKRstJFHHg+1ow=
github.com/dusted-go/diagnostic/v3 v3.1.0/go.mod h1:5w3R8+izm02E6YU0BlFrZ0oHp8x1yw7/3nSItz9Lanc=
github.com/dusted-go/fault v1.3.1 h1:3W9V1Yk6oKImhbYpKrSMfOjlSWtjOryK0yNLsoomDfI=
github.com/dusted-go/fault v1.3.1/go.mod h1:Lk3b6220V5WGPrLaAaBOpsA7qjogVj5f+76orT9ImCY=
github.com/tdewolff/minify v2.3.6+incompatible h1:2hw5/9ZvxhWLvBUnHE06gElGYz+Jv9R4Eys0XUzItYo=
github.com/tdewolff/minify v2.3.6+incompatible/go.mod h1:9Ov578KJUmAWpS6NeZwRZyT56Uf6o3Mcz9CEsg8USYs=
github.com/tdewolff/parse v2.3.4+incompatible h1:x05/cnGwIMf4ceLuDMBOdQ1qGniMoxpP46ghf0Qzh38=
github.com/tdewolff/parse v2.3.4+incompatible/go.mod h1:8oBwCsVmUkgHO8M5iCzSIDtpzXOT0WXX9cWhz+bIzJQ=
github.com/tdewolff/test v1.0.7 h1:8Vs0142DmPFW/bQeHRP3MV19m1gvndjUb1sn8yy74LM=
github.com/tdewolff/test v1.0.7/go.mod h1:6DAvZliBAAnD7rhVgwaM7DE5/d9NMOAJ09SqYqeK4QE=
